PODS:
  - SFVersionManager (0.1.1)

DEPENDENCIES:
  - SFVersionManager (from `../`)

EXTERNAL SOURCES:
  SFVersionManager:
    :path: "../"

SPEC CHECKSUMS:
  SFVersionManager: fae06c2644fce12f9b3990e8457b96157885b0dc

PODFILE CHECKSUM: b42faa90df396cc08356662a987c309339f1e26b

COCOAPODS: 1.6.0.beta.2
